
Microsoft Visual Studio Solution File, Format Version 12.00
# Visual Studio Version 17
VisualStudioVersion = 17.3.32901.215
MinimumVisualStudioVersion = 10.0.40219.1
Project("{FAE04EC0-301F-11D3-BF4B-00C04F79EFBC}") = "WebApplication1", "WebApplication1\WebApplication1.csproj", "{BB410653-D881-4F5F-91B7-4D6E7CE10088}"
EndProject
Global
	GlobalSection(SolutionConfigurationPlatforms) = preSolution
		Debug|Any CPU = Debug|Any CPU
		Release|Any CPU = Release|Any CPU
	EndGlobalSection
	GlobalSection(ProjectConfigurationPlatforms) = postSolution
		{BB410653-D881-4F5F-91B7-4D6E7CE10088}.Debug|Any CPU.ActiveCfg = Debug|Any CPU
		{BB410653-D881-4F5F-91B7-4D6E7CE10088}.Debug|Any CPU.Build.0 = Debug|Any CPU
		{BB410653-D881-4F5F-91B7-4D6E7CE10088}.Release|Any CPU.ActiveCfg = Release|Any CPU
		{BB410653-D881-4F5F-91B7-4D6E7CE10088}.Release|Any CPU.Build.0 = Release|Any CPU
	EndGlobalSection
	GlobalSection(SolutionProperties) = preSolution
		HideSolutionNode = FALSE
	EndGlobalSection
	GlobalSection(ExtensibilityGlobals) = postSolution
		SolutionGuid = {C50E946B-B305-4FE5-8CF0-352665DE8B4D}
	EndGlobalSection
EndGlobal
